
Microsoft Visual Studio Solution File, Format Version 12.00
# Visual Studio Version 17
VisualStudioVersion = 17.1.32421.90
MinimumVisualStudioVersion = 10.0.40219.1
Project("{FAE04EC0-301F-11D3-BF4B-00C04F79EFBC}") = "ClassProject1", "ClassProject1\ClassProject1.csproj", "{D681C98C-6B5A-4769-83AA-84CC601C7479}"
EndProject
Project("{FAE04EC0-301F-11D3-BF4B-00C04F79EFBC}") = "ClassProjectLibrary1", "ClassProjectLibrary1\ClassProjectLibrary1.csproj", "{A13EF8EF-E118-4617-BB78-DB8B6B455864}"
EndProject
Global
	GlobalSection(SolutionConfigurationPlatforms) = preSolution
		Debug|Any CPU = Debug|Any CPU
		Release|Any CPU = Release|Any CPU
	EndGlobalSection
	GlobalSection(ProjectConfigurationPlatforms) = postSolution
		{D681C98C-6B5A-4769-83AA-84CC601C7479}.Debug|Any CPU.ActiveCfg = Debug|Any CPU
		{D681C98C-6B5A-4769-83AA-84CC601C7479}.Debug|Any CPU.Build.0 = Debug|Any CPU
		{D681C98C-6B5A-4769-83AA-84CC601C7479}.Release|Any CPU.ActiveCfg = Release|Any CPU
		{D681C98C-6B5A-4769-83AA-84CC601C7479}.Release|Any CPU.Build.0 = Release|Any CPU
		{A13EF8EF-E118-4617-BB78-DB8B6B455864}.Debug|Any CPU.ActiveCfg = Debug|Any CPU
		{A13EF8EF-E118-4617-BB78-DB8B6B455864}.Debug|Any CPU.Build.0 = Debug|Any CPU
		{A13EF8EF-E118-4617-BB78-DB8B6B455864}.Release|Any CPU.ActiveCfg = Release|Any CPU
		{A13EF8EF-E118-4617-BB78-DB8B6B455864}.Release|Any CPU.Build.0 = Release|Any CPU
	EndGlobalSection
	GlobalSection(SolutionProperties) = preSolution
		HideSolutionNode = FALSE
	EndGlobalSection
	GlobalSection(ExtensibilityGlobals) = postSolution
		SolutionGuid = {4207EE73-D3A0-4620-BAE9-E805D6CB7BB5}
	EndGlobalSection
EndGlobal
